// !$*UTF8*$!
{
	archiveVersion = 1;
	classes = {
	};
	objectVersion = 56;
	objects = {

/* Begin PBXBuildFile section */
		1B07EF7628F82F4600952C64 /* WarCardsApp.swift in Sources */ = {isa = PBXBuildFile; fileRef = 1B07EF7528F82F4600952C64 /* WarCardsApp.swift */; };
		1B07EF7828F82F4600952C64 /* ContentView.swift in Sources */ = {isa = PBXBuildFile; fileRef = 1B07EF7728F82F4600952C64 /* ContentView.swift */; };
		1B07EF7A28F82F4800952C64 /* Assets.xcassets in Resources */ = {isa = PBXBuildFile; fileRef = 1B07EF7928F82F4800952C64 /* Assets.xcassets */; };
		1B07EF7D28F82F4800952C64 /* Preview Assets.xcassets in Resources */ = {isa = PBXBuildFile; fileRef = 1B07EF7C28F82F4800952C64 /* Preview Assets.xcassets */; };
		1B07EF8728F82F4800952C64 /* WarCardsTests.swift in Sources */ = {isa = PBXBuildFile; fileRef = 1B07EF8628F82F4800952C64 /* WarCardsTests.swift */; };
		1B07EF9128F82F4800952C64 /* WarCardsUITests.swift in Sources */ = {isa = PBXBuildFile; fileRef = 1B07EF9028F82F4800952C64 /* WarCardsUITests.swift */; };
		1B07EF9328F82F4800952C64 /* WarCardsUITestsLaunchTests.swift in Sources */ = {isa = PBXBuildFile; fileRef = 1B07EF9228F82F4800952C64 /* WarCardsUITestsLaunchTests.swift */; };
/* End PBXBuildFile section */

/* Begin PBXContainerItemProxy section */
		1B07EF8328F82F4800952C64 /* PBXContainerItemProxy */ = {
			isa = PBXContainerItemProxy;
			containerPortal = 1B07EF6A28F82F4600952C64 /* Project object */;
			proxyType = 1;
			remoteGlobalIDString = 1B07EF7128F82F4600952C64;
			remoteInfo = WarCards;
		};
		1B07EF8D28F82F4800952C64 /* PBXContainerItemProxy */ = {
			isa = PBXContainerItemProxy;
			containerPortal = 1B07EF6A28F82F4600952C64 /* Project object */;
			proxyType = 1;
			remoteGlobalIDString = 1B07EF7128F82F4600952C64;
			remoteInfo = WarCards;
		};
/* End PBXContainerItemProxy section */

/* Begin PBXFileReference section */
		1B07EF7228F82F4600952C64 /* WarCards.app */ = {isa = PBXFileReference; explicitFileType = wrapper.application; includeInIndex = 0; path = WarCards.app; sourceTree = BUILT_PRODUCTS_DIR; };
		1B07EF7528F82F4600952C64 /* WarCardsApp.swift */ = {isa = PBXFileReference; lastKnownFileType = sourcecode.swift; path = WarCardsApp.swift; sourceTree = "<group>"; };
		1B07EF7728F82F4600952C64 /* ContentView.swift */ = {isa = PBXFileReference; lastKnownFileType = sourcecode.swift; path = ContentView.swift; sourceTree = "<group>"; };
		1B07EF7928F82F4800952C64 /* Assets.xcassets */ = {isa = PBXFileReference; lastKnownFileType = folder.assetcatalog; path = Assets.xcassets; sourceTree = "<group>"; };
		1B07EF7C28F82F4800952C64 /* Preview Assets.xcassets */ = {isa = PBXFileReference; lastKnownFileType = folder.assetcatalog; path = "Preview Assets.xcassets"; sourceTree = "<group>"; };
		1B07EF8228F82F4800952C64 /* WarCardsTests.xctest */ = {isa = PBXFileReference; explicitFileType = wrapper.cfbundle; includeInIndex = 0; path = WarCardsTests.xctest; sourceTree = BUILT_PRODUCTS_DIR; };
		1B07EF8628F82F4800952C64 /* WarCardsTests.swift */ = {isa = PBXFileReference; lastKnownFileType = sourcecode.swift; path = WarCardsTests.swift; sourceTree = "<group>"; };
		1B07EF8C28F82F4800952C64 /* WarCardsUITests.xctest */ = {isa = PBXFileReference; explicitFileType = wrapper.cfbundle; includeInIndex = 0; path = WarCardsUITests.xctest; sourceTree = BUILT_PRODUCTS_DIR; };
		1B07EF9028F82F4800952C64 /* WarCardsUITests.swift */ = {isa = PBXFileReference; lastKnownFileType = sourcecode.swift; path = WarCardsUITests.swift; sourceTree = "<group>"; };
		1B07EF9228F82F4800952C64 /* WarCardsUITestsLaunchTests.swift */ = {isa = PBXFileReference; lastKnownFileType = sourcecode.swift; path = WarCardsUITestsLaunchTests.swift; sourceTree = "<group>"; };
/* End PBXFileReference section */

/* Begin PBXFrameworksBuildPhase section */
		1B07EF6F28F82F4600952C64 /* Frameworks */ = {
			isa = PBXFrameworksBuildPhase;
			buildActionMask = 2147483647;
			files = (
			);
			runOnlyForDeploymentPostprocessing = 0;
		};
		1B07EF7F28F82F4800952C64 /* Frameworks */ = {
			isa = PBXFrameworksBuildPhase;
			buildActionMask = 2147483647;
			files = (
			);
			runOnlyForDeploymentPostprocessing = 0;
		};
		1B07EF8928F82F4800952C64 /* Frameworks */ = {
			isa = PBXFrameworksBuildPhase;
			buildActionMask = 2147483647;
			files = (
			);
			runOnlyForDeploymentPostprocessing = 0;
		};
/* End PBXFrameworksBuildPhase section */

/* Begin PBXGroup section */
		1B07EF6928F82F4600952C64 = {
			isa = PBXGroup;
			children = (
				1B07EF7428F82F4600952C64 /* WarCards */,
				1B07EF8528F82F4800952C64 /* WarCardsTests */,
				1B07EF8F28F82F4800952C64 /* WarCardsUITests */,
				1B07EF7328F82F4600952C64 /* Products */,
			);
			sourceTree = "<group>";
		};
		1B07EF7328F82F4600952C64 /* Products */ = {
			isa = PBXGroup;
			children = (
				1B07EF7228F82F4600952C64 /* WarCards.app */,
				1B07EF8228F82F4800952C64 /* WarCardsTests.xctest */,
				1B07EF8C28F82F4800952C64 /* WarCardsUITests.xctest */,
			);
			name = Products;
			sourceTree = "<group>";
		};
		1B07EF7428F82F4600952C64 /* WarCards */ = {
			isa = PBXGroup;
			children = (
				1B07EF7528F82F4600952C64 /* WarCardsApp.swift */,
				1B07EF7728F82F4600952C64 /* ContentView.swift */,
				1B07EF7928F82F4800952C64 /* Assets.xcassets */,
				1B07EF7B28F82F4800952C64 /* Preview Content */,
			);
			path = WarCards;
			sourceTree = "<group>";
		};
		1B07EF7B28F82F4800952C64 /* Preview Content */ = {
			isa = PBXGroup;
			children = (
				1B07EF7C28F82F4800952C64 /* Preview Assets.xcassets */,
			);
			path = "Preview Content";
			sourceTree = "<group>";
		};
		1B07EF8528F82F4800952C64 /* WarCardsTests */ = {
			isa = PBXGroup;
			children = (
				1B07EF8628F82F4800952C64 /* WarCardsTests.swift */,
			);
			path = WarCardsTests;
			sourceTree = "<group>";
		};
		1B07EF8F28F82F4800952C64 /* WarCardsUITests */ = {
			isa = PBXGroup;
			children = (
				1B07EF9028F82F4800952C64 /* WarCardsUITests.swift */,
				1B07EF9228F82F4800952C64 /* WarCardsUITestsLaunchTests.swift */,
			);
			path = WarCardsUITests;
			sourceTree = "<group>";
		};
/* End PBXGroup section */

/* Begin PBXNativeTarget section */
		1B07EF7128F82F4600952C64 /* WarCards */ = {
			isa = PBXNativeTarget;
			buildConfigurationList = 1B07EF9628F82F4800952C64 /* Build configuration list for PBXNativeTarget "WarCards" */;
			buildPhases = (
				1B07EF6E28F82F4600952C64 /* Sources */,
				1B07EF6F28F82F4600952C64 /* Frameworks */,
				1B07EF7028F82F4600952C64 /* Resources */,
			);
			buildRules = (
			);
			dependencies = (
			);
			name = WarCards;
			productName = WarCards;
			productReference = 1B07EF7228F82F4600952C64 /* WarCards.app */;
			productType = "com.apple.product-type.application";
		};
		1B07EF8128F82F4800952C64 /* WarCardsTests */ = {
			isa = PBXNativeTarget;
			buildConfigurationList = 1B07EF9928F82F4800952C64 /* Build configuration list for PBXNativeTarget "WarCardsTests" */;
			buildPhases = (
				1B07EF7E28F82F4800952C64 /* Sources */,
				1B07EF7F28F82F4800952C64 /* Frameworks */,
				1B07EF8028F82F4800952C64 /* Resources */,
			);
			buildRules = (
			);
			dependencies = (
				1B07EF8428F82F4800952C64 /* PBXTargetDependency */,
			);
			name = WarCardsTests;
			productName = WarCardsTests;
			productReference = 1B07EF8228F82F4800952C64 /* WarCardsTests.xctest */;
			productType = "com.apple.product-type.bundle.unit-test";
		};
		1B07EF8B28F82F4800952C64 /* WarCardsUITests */ = {
			isa = PBXNativeTarget;
			buildConfigurationList = 1B07EF9C28F82F4800952C64 /* Build configuration list for PBXNativeTarget "WarCardsUITests" */;
			buildPhases = (
				1B07EF8828F82F4800952C64 /* Sources */,
				1B07EF8928F82F4800952C64 /* Frameworks */,
				1B07EF8A28F82F4800952C64 /* Resources */,
			);
			buildRules = (
			);
			dependencies = (
				1B07EF8E28F82F4800952C64 /* PBXTargetDependency */,
			);
			name = WarCardsUITests;
			productName = WarCardsUITests;
			productReference = 1B07EF8C28F82F4800952C64 /* WarCardsUITests.xctest */;
			productType = "com.apple.product-type.bundle.ui-testing";
		};
/* End PBXNativeTarget section */

/* Begin PBXProject section */
		1B07EF6A28F82F4600952C64 /* Project object */ = {
			isa = PBXProject;
			attributes = {
				BuildIndependentTargetsInParallel = 1;
				LastSwiftUpdateCheck = 1400;
				LastUpgradeCheck = 1400;
				TargetAttributes = {
					1B07EF7128F82F4600952C64 = {
						CreatedOnToolsVersion = 14.0.1;
					};
					1B07EF8128F82F4800952C64 = {
						CreatedOnToolsVersion = 14.0.1;
						TestTargetID = 1B07EF7128F82F4600952C64;
					};
					1B07EF8B28F82F4800952C64 = {
						CreatedOnToolsVersion = 14.0.1;
						TestTargetID = 1B07EF7128F82F4600952C64;
					};
				};
			};
			buildConfigurationList = 1B07EF6D28F82F4600952C64 /* Build configuration list for PBXProject "WarCards" */;
			compatibilityVersion = "Xcode 14.0";
			developmentRegion = en;
			hasScannedForEncodings = 0;
			knownRegions = (
				en,
				Base,
			);
			mainGroup = 1B07EF6928F82F4600952C64;
			productRefGroup = 1B07EF7328F82F4600952C64 /* Products */;
			projectDirPath = "";
			projectRoot = "";
			targets = (
				1B07EF7128F82F4600952C64 /* WarCards */,
				1B07EF8128F82F4800952C64 /* WarCardsTests */,
				1B07EF8B28F82F4800952C64 /* WarCardsUITests */,
			);
		};
/* End PBXProject section */

/* Begin PBXResourcesBuildPhase section */
		1B07EF7028F82F4600952C64 /* Resources */ = {
			isa = PBXResourcesBuildPhase;
			buildActionMask = 2147483647;
			files = (
				1B07EF7D28F82F4800952C64 /* Preview Assets.xcassets in Resources */,
				1B07EF7A28F82F4800952C64 /* Assets.xcassets in Resources */,
			);
			runOnlyForDeploymentPostprocessing = 0;
		};
		1B07EF8028F82F4800952C64 /* Resources */ = {
			isa = PBXResourcesBuildPhase;
			buildActionMask = 2147483647;
			files = (
			);
			runOnlyForDeploymentPostprocessing = 0;
		};
		1B07EF8A28F82F4800952C64 /* Resources */ = {
			isa = PBXResourcesBuildPhase;
			buildActionMask = 2147483647;
			files = (
			);
			runOnlyForDeploymentPostprocessing = 0;
		};
/* End PBXResourcesBuildPhase section */

/* Begin PBXSourcesBuildPhase section */
		1B07EF6E28F82F4600952C64 /* Sources */ = {
			isa = PBXSourcesBuildPhase;
			buildActionMask = 2147483647;
			files = (
				1B07EF7828F82F4600952C64 /* ContentView.swift in Sources */,
				1B07EF7628F82F4600952C64 /* WarCardsApp.swift in Sources */,
			);
			runOnlyForDeploymentPostprocessing = 0;
		};
		1B07EF7E28F82F4800952C64 /* Sources */ = {
			isa = PBXSourcesBuildPhase;
			buildActionMask = 2147483647;
			files = (
				1B07EF8728F82F4800952C64 /* WarCardsTests.swift in Sources */,
			);
			runOnlyForDeploymentPostprocessing = 0;
		};
		1B07EF8828F82F4800952C64 /* Sources */ = {
			isa = PBXSourcesBuildPhase;
			buildActionMask = 2147483647;
			files = (
				1B07EF9328F82F4800952C64 /* WarCardsUITestsLaunchTests.swift in Sources */,
				1B07EF9128F82F4800952C64 /* WarCardsUITests.swift in Sources */,
			);
			runOnlyForDeploymentPostprocessing = 0;
		};
/* End PBXSourcesBuildPhase section */

/* Begin PBXTargetDependency section */
		1B07EF8428F82F4800952C64 /* PBXTargetDependency */ = {
			isa = PBXTargetDependency;
			target = 1B07EF7128F82F4600952C64 /* WarCards */;
			targetProxy = 1B07EF8328F82F4800952C64 /* PBXContainerItemProxy */;
		};
		1B07EF8E28F82F4800952C64 /* PBXTargetDependency */ = {
			isa = PBXTargetDependency;
			target = 1B07EF7128F82F4600952C64 /* WarCards */;
			targetProxy = 1B07EF8D28F82F4800952C64 /* PBXContainerItemProxy */;
		};
/* End PBXTargetDependency section */

/* Begin XCBuildConfiguration section */
		1B07EF9428F82F4800952C64 /* Debug */ = {
			isa = XCBuildConfiguration;
			buildSettings = {
				ALWAYS_SEARCH_USER_PATHS = NO;
				CLANG_ANALYZER_NONNULL = YES;
				CLANG_ANALYZER_NUMBER_OBJECT_CONVERSION = YES_AGGRESSIVE;
				CLANG_CXX_LANGUAGE_STANDARD = "gnu++20";
				CLANG_ENABLE_MODULES = YES;
				CLANG_ENABLE_OBJC_ARC = YES;
				CLANG_ENABLE_OBJC_WEAK = YES;
				CLANG_WARN_BLOCK_CAPTURE_AUTORELEASING = YES;
				CLANG_WARN_BOOL_CONVERSION = YES;
				CLANG_WARN_COMMA = YES;
				CLANG_WARN_CONSTANT_CONVERSION = YES;
				CLANG_WARN_DEPRECATED_OBJC_IMPLEMENTATIONS = YES;
				CLANG_WARN_DIRECT_OBJC_ISA_USAGE = YES_ERROR;
				CLANG_WARN_DOCUMENTATION_COMMENTS = YES;
				CLANG_WARN_EMPTY_BODY = YES;
				CLANG_WARN_ENUM_CONVERSION = YES;
				CLANG_WARN_INFINITE_RECURSION = YES;
				CLANG_WARN_INT_CONVERSION = YES;
				CLANG_WARN_NON_LITERAL_NULL_CONVERSION = YES;
				CLANG_WARN_OBJC_IMPLICIT_RETAIN_SELF = YES;
				CLANG_WARN_OBJC_LITERAL_CONVERSION = YES;
				CLANG_WARN_OBJC_ROOT_CLASS = YES_ERROR;
				CLANG_WARN_QUOTED_INCLUDE_IN_FRAMEWORK_HEADER = YES;
				CLANG_WARN_RANGE_LOOP_ANALYSIS = YES;
				CLANG_WARN_STRICT_PROTOTYPES = YES;
				CLANG_WARN_SUSPICIOUS_MOVE = YES;
				CLANG_WARN_UNGUARDED_AVAILABILITY = YES_AGGRESSIVE;
				CLANG_WARN_UNREACHABLE_CODE = YES;
				CLANG_WARN__DUPLICATE_METHOD_MATCH = YES;
				COPY_PHASE_STRIP = NO;
				DEBUG_INFORMATION_FORMAT = dwarf;
				ENABLE_STRICT_OBJC_MSGSEND = YES;
				ENABLE_TESTABILITY = YES;
				GCC_C_LANGUAGE_STANDARD = gnu11;
				GCC_DYNAMIC_NO_PIC = NO;
				GCC_NO_COMMON_BLOCKS = YES;
				GCC_OPTIMIZATION_LEVEL = 0;
				GCC_PREPROCESSOR_DEFINITIONS = (
					"DEBUG=1",
					"$(inherited)",
				);
				GCC_WARN_64_TO_32_BIT_CONVERSION = YES;
				GCC_WARN_ABOUT_RETURN_TYPE = YES_ERROR;
				GCC_WARN_UNDECLARED_SELECTOR = YES;
				GCC_WARN_UNINITIALIZED_AUTOS = YES_AGGRESSIVE;
				GCC_WARN_UNUSED_FUNCTION = YES;
				GCC_WARN_UNUSED_VARIABLE = YES;
				IPHONEOS_DEPLOYMENT_TARGET = 16.0;
				MTL_ENABLE_DEBUG_INFO = INCLUDE_SOURCE;
				MTL_FAST_MATH = YES;
				ONLY_ACTIVE_ARCH = YES;
				SDKROOT = iphoneos;
				SWIFT_ACTIVE_COMPILATION_CONDITIONS = DEBUG;
				SWIFT_OPTIMIZATION_LEVEL = "-Onone";
			};
			name = Debug;
		};
		1B07EF9528F82F4800952C64 /* Release */ = {
			isa = XCBuildConfiguration;
			buildSettings = {
				ALWAYS_SEARCH_USER_PATHS = NO;
				CLANG_ANALYZER_NONNULL = YES;
				CLANG_ANALYZER_NUMBER_OBJECT_CONVERSION = YES_AGGRESSIVE;
				CLANG_CXX_LANGUAGE_STANDARD = "gnu++20";
				CLANG_ENABLE_MODULES = YES;
				CLANG_ENABLE_OBJC_ARC = YES;
				CLANG_ENABLE_OBJC_WEAK = YES;
				CLANG_WARN_BLOCK_CAPTURE_AUTORELEASING = YES;
				CLANG_WARN_BOOL_CONVERSION = YES;
				CLANG_WARN_COMMA = YES;
				CLANG_WARN_CONSTANT_CONVERSION = YES;
				CLANG_WARN_DEPRECATED_OBJC_IMPLEMENTATIONS = YES;
				CLANG_WARN_DIRECT_OBJC_ISA_USAGE = YES_ERROR;
				CLANG_WARN_DOCUMENTATION_COMMENTS = YES;
				CLANG_WARN_EMPTY_BODY = YES;
				CLANG_WARN_ENUM_CONVERSION = YES;
				CLANG_WARN_INFINITE_RECURSION = YES;
				CLANG_WARN_INT_CONVERSION = YES;
				CLANG_WARN_NON_LITERAL_NULL_CONVERSION = YES;
				CLANG_WARN_OBJC_IMPLICIT_RETAIN_SELF = YES;
				CLANG_WARN_OBJC_LITERAL_CONVERSION = YES;
				CLANG_WARN_OBJC_ROOT_CLASS = YES_ERROR;
				CLANG_WARN_QUOTED_INCLUDE_IN_FRAMEWORK_HEADER = YES;
				CLANG_WARN_RANGE_LOOP_ANALYSIS = YES;
				CLANG_WARN_STRICT_PROTOTYPES = YES;
				CLANG_WARN_SUSPICIOUS_MOVE = YES;
				CLANG_WARN_UNGUARDED_AVAILABILITY = YES_AGGRESSIVE;
				CLANG_WARN_UNREACHABLE_CODE = YES;
				CLANG_WARN__DUPLICATE_METHOD_MATCH = YES;
				COPY_PHASE_STRIP = NO;
				DEBUG_INFORMATION_FORMAT = "dwarf-with-dsym";
				ENABLE_NS_ASSERTIONS = NO;
				ENABLE_STRICT_OBJC_MSGSEND = YES;
				GCC_C_LANGUAGE_STANDARD = gnu11;
				GCC_NO_COMMON_BLOCKS = YES;
				GCC_WARN_64_TO_32_BIT_CONVERSION = YES;
				GCC_WARN_ABOUT_RETURN_TYPE = YES_ERROR;
				GCC_WARN_UNDECLARED_SELECTOR = YES;
				GCC_WARN_UNINITIALIZED_AUTOS = YES_AGGRESSIVE;
				GCC_WARN_UNUSED_FUNCTION = YES;
				GCC_WARN_UNUSED_VARIABLE = YES;
				IPHONEOS_DEPLOYMENT_TARGET = 16.0;
				MTL_ENABLE_DEBUG_INFO = NO;
				MTL_FAST_MATH = YES;
				SDKROOT = iphoneos;
				SWIFT_COMPILATION_MODE = wholemodule;
				SWIFT_OPTIMIZATION_LEVEL = "-O";
				VALIDATE_PRODUCT = YES;
			};
			name = Release;
		};
		1B07EF9728F82F4800952C64 /* Debug */ = {
			isa = XCBuildConfiguration;
			buildSettings = {
				ASSETCATALOG_COMPILER_APPICON_NAME = AppIcon;
				ASSETCATALOG_COMPILER_GLOBAL_ACCENT_COLOR_NAME = AccentColor;
				CODE_SIGN_STYLE = Automatic;
				CURRENT_PROJECT_VERSION = 1;
				DEVELOPMENT_ASSET_PATHS = "\"WarCards/Preview Content\"";
				DEVELOPMENT_TEAM = SGTU96343A;
				ENABLE_PREVIEWS = YES;
				GENERATE_INFOPLIST_FILE = YES;
				INFOPLIST_KEY_UIApplicationSceneManifest_Generation = YES;
				INFOPLIST_KEY_UIApplicationSupportsIndirectInputEvents = YES;
				INFOPLIST_KEY_UILaunchScreen_Generation = YES;
				INFOPLIST_KEY_UISupportedInterfaceOrientations_iPad = "UIInterfaceOrientationPortrait UIInterfaceOrientationPortraitUpsideDown UIInterfaceOrientationLandscapeLeft UIInterfaceOrientationLandscapeRight";
				INFOPLIST_KEY_UISupportedInterfaceOrientations_iPhone = "UIInterfaceOrientationPortrait UIInterfaceOrientationLandscapeLeft UIInterfaceOrientationLandscapeRight";
				LD_RUNPATH_SEARCH_PATHS = (
					"$(inherited)",
					"@executable_path/Frameworks",
				);
				MARKETING_VERSION = 1.0;
				PRODUCT_BUNDLE_IDENTIFIER = com.TroyDaniels.WarCards;
				PRODUCT_NAME = "$(TARGET_NAME)";
				SWIFT_EMIT_LOC_STRINGS = YES;
				SWIFT_VERSION = 5.0;
				TARGETED_DEVICE_FAMILY = "1,2";
			};
			name = Debug;
		};
		1B07EF9828F82F4800952C64 /* Release */ = {
			isa = XCBuildConfiguration;
			buildSettings = {
				ASSETCATALOG_COMPILER_APPICON_NAME = AppIcon;
				ASSETCATALOG_COMPILER_GLOBAL_ACCENT_COLOR_NAME = AccentColor;
				CODE_SIGN_STYLE = Automatic;
				CURRENT_PROJECT_VERSION = 1;
				DEVELOPMENT_ASSET_PATHS = "\"WarCards/Preview Content\"";
				DEVELOPMENT_TEAM = SGTU96343A;
				ENABLE_PREVIEWS = YES;
				GENERATE_INFOPLIST_FILE = YES;
				INFOPLIST_KEY_UIApplicationSceneManifest_Generation = YES;
				INFOPLIST_KEY_UIApplicationSupportsIndirectInputEvents = YES;
				INFOPLIST_KEY_UILaunchScreen_Generation = YES;
				INFOPLIST_KEY_UISupportedInterfaceOrientations_iPad = "UIInterfaceOrientationPortrait UIInterfaceOrientationPortraitUpsideDown UIInterfaceOrientationLandscapeLeft UIInterfaceOrientationLandscapeRight";
				INFOPLIST_KEY_UISupportedInterfaceOrientations_iPhone = "UIInterfaceOrientationPortrait UIInterfaceOrientationLandscapeLeft UIInterfaceOrientationLandscapeRight";
				LD_RUNPATH_SEARCH_PATHS = (
					"$(inherited)",
					"@executable_path/Frameworks",
				);
				MARKETING_VERSION = 1.0;
				PRODUCT_BUNDLE_IDENTIFIER = com.TroyDaniels.WarCards;
				PRODUCT_NAME = "$(TARGET_NAME)";
				SWIFT_EMIT_LOC_STRINGS = YES;
				SWIFT_VERSION = 5.0;
				TARGETED_DEVICE_FAMILY = "1,2";
			};
			name = Release;
		};
		1B07EF9A28F82F4800952C64 /* Debug */ = {
			isa = XCBuildConfiguration;
			buildSettings = {
				ALWAYS_EMBED_SWIFT_STANDARD_LIBRARIES = YES;
				BUNDLE_LOADER = "$(TEST_HOST)";
				CODE_SIGN_STYLE = Automatic;
				CURRENT_PROJECT_VERSION = 1;
				DEVELOPMENT_TEAM = SGTU96343A;
				GENERATE_INFOPLIST_FILE = YES;
				IPHONEOS_DEPLOYMENT_TARGET = 16.0;
				MARKETING_VERSION = 1.0;
				PRODUCT_BUNDLE_IDENTIFIER = com.TroyDaniels.WarCardsTests;
				PRODUCT_NAME = "$(TARGET_NAME)";
				SWIFT_EMIT_LOC_STRINGS = NO;
				SWIFT_VERSION = 5.0;
				TARGETED_DEVICE_FAMILY = "1,2";
				TEST_HOST = "$(BUILT_PRODUCTS_DIR)/WarCards.app/$(BUNDLE_EXECUTABLE_FOLDER_PATH)/WarCards";
			};
			name = Debug;
		};
		1B07EF9B28F82F4800952C64 /* Release */ = {
			isa = XCBuildConfiguration;
			buildSettings = {
				ALWAYS_EMBED_SWIFT_STANDARD_LIBRARIES = YES;
				BUNDLE_LOADER = "$(TEST_HOST)";
				CODE_SIGN_STYLE = Automatic;
				CURRENT_PROJECT_VERSION = 1;
				DEVELOPMENT_TEAM = SGTU96343A;
				GENERATE_INFOPLIST_FILE = YES;
				IPHONEOS_DEPLOYMENT_TARGET = 16.0;
				MARKETING_VERSION = 1.0;
				PRODUCT_BUNDLE_IDENTIFIER = com.TroyDaniels.WarCardsTests;
				PRODUCT_NAME = "$(TARGET_NAME)";
				SWIFT_EMIT_LOC_STRINGS = NO;
				SWIFT_VERSION = 5.0;
				TARGETED_DEVICE_FAMILY = "1,2";
				TEST_HOST = "$(BUILT_PRODUCTS_DIR)/WarCards.app/$(BUNDLE_EXECUTABLE_FOLDER_PATH)/WarCards";
			};
			name = Release;
		};
		1B07EF9D28F82F4800952C64 /* Debug */ = {
			isa = XCBuildConfiguration;
			buildSettings = {
				ALWAYS_EMBED_SWIFT_STANDARD_LIBRARIES = YES;
				CODE_SIGN_STYLE = Automatic;
				CURRENT_PROJECT_VERSION = 1;
				DEVELOPMENT_TEAM = SGTU96343A;
				GENERATE_INFOPLIST_FILE = YES;
				MARKETING_VERSION = 1.0;
				PRODUCT_BUNDLE_IDENTIFIER = com.TroyDaniels.WarCardsUITests;
				PRODUCT_NAME = "$(TARGET_NAME)";
				SWIFT_EMIT_LOC_STRINGS = NO;
				SWIFT_VERSION = 5.0;
				TARGETED_DEVICE_FAMILY = "1,2";
				TEST_TARGET_NAME = WarCards;
			};
			name = Debug;
		};
		1B07EF9E28F82F4800952C64 /* Release */ = {
			isa = XCBuildConfiguration;
			buildSettings = {
				ALWAYS_EMBED_SWIFT_STANDARD_LIBRARIES = YES;
				CODE_SIGN_STYLE = Automatic;
				CURRENT_PROJECT_VERSION = 1;
				DEVELOPMENT_TEAM = SGTU96343A;
				GENERATE_INFOPLIST_FILE = YES;
				MARKETING_VERSION = 1.0;
				PRODUCT_BUNDLE_IDENTIFIER = com.TroyDaniels.WarCardsUITests;
				PRODUCT_NAME = "$(TARGET_NAME)";
				SWIFT_EMIT_LOC_STRINGS = NO;
				SWIFT_VERSION = 5.0;
				TARGETED_DEVICE_FAMILY = "1,2";
				TEST_TARGET_NAME = WarCards;
			};
			name = Release;
		};
/* End XCBuildConfiguration section */

/* Begin XCConfigurationList section */
		1B07EF6D28F82F4600952C64 /* Build configuration list for PBXProject "WarCards" */ = {
			isa = XCConfigurationList;
			buildConfigurations = (
				1B07EF9428F82F4800952C64 /* Debug */,
				1B07EF9528F82F4800952C64 /* Release */,
			);
			defaultConfigurationIsVisible = 0;
			defaultConfigurationName = Release;
		};
		1B07EF9628F82F4800952C64 /* Build configuration list for PBXNativeTarget "WarCards" */ = {
			isa = XCConfigurationList;
			buildConfigurations = (
				1B07EF9728F82F4800952C64 /* Debug */,
				1B07EF9828F82F4800952C64 /* Release */,
			);
			defaultConfigurationIsVisible = 0;
			defaultConfigurationName = Release;
		};
		1B07EF9928F82F4800952C64 /* Build configuration list for PBXNativeTarget "WarCardsTests" */ = {
			isa = XCConfigurationList;
			buildConfigurations = (
				1B07EF9A28F82F4800952C64 /* Debug */,
				1B07EF9B28F82F4800952C64 /* Release */,
			);
			defaultConfigurationIsVisible = 0;
			defaultConfigurationName = Release;
		};
		1B07EF9C28F82F4800952C64 /* Build configuration list for PBXNativeTarget "WarCardsUITests" */ = {
			isa = XCConfigurationList;
			buildConfigurations = (
				1B07EF9D28F82F4800952C64 /* Debug */,
				1B07EF9E28F82F4800952C64 /* Release */,
			);
			defaultConfigurationIsVisible = 0;
			defaultConfigurationName = Release;
		};
/* End XCConfigurationList section */
	};
	rootObject = 1B07EF6A28F82F4600952C64 /* Project object */;
}
